
Microsoft Visual Studio Solution File, Format Version 12.00
# Visual Studio Version 17
VisualStudioVersion = 17.0.31903.59
MinimumVisualStudioVersion = 10.0.40219.1
Project("{2150E333-8FDC-42A3-9474-1A3956D46DE8}") = "src", "src", "{827E0CD3-B72D-47B6-A68D-7590B98EB39B}"
EndProject
Project("{FAE04EC0-301F-11D3-BF4B-00C04F79EFBC}") = "TraceMap.Cli", "src\TraceMap.Cli\TraceMap.Cli.csproj", "{62C2A3DC-2D0E-41B0-AA10-03197359B716}"
EndProject
Project("{FAE04EC0-301F-11D3-BF4B-00C04F79EFBC}") = "TraceMap.Core", "src\TraceMap.Core\TraceMap.Core.csproj", "{47141F6F-DFCB-40AD-90E0-FF8D7B17DDF3}"
EndProject
Project("{FAE04EC0-301F-11D3-BF4B-00C04F79EFBC}") = "TraceMap.Storage", "src\TraceMap.Storage\TraceMap.Storage.csproj", "{F9C124CE-53CE-46A1-802D-263DE1565B2D}"
EndProject
Project("{FAE04EC0-301F-11D3-BF4B-00C04F79EFBC}") = "TraceMap.Reporting", "src\TraceMap.Reporting\TraceMap.Reporting.csproj", "{08C50EBC-EF7C-4C24-977F-CE4BDDE22AF3}"
EndProject
Project("{2150E333-8FDC-42A3-9474-1A3956D46DE8}") = "tests", "tests", "{CEA09484-30F6-4D44-02F6-822E06DBC57C}"
EndProject
Project("{FAE04EC0-301F-11D3-BF4B-00C04F79EFBC}") = "TraceMap.Tests", "src\tests\TraceMap.Tests\TraceMap.Tests.csproj", "{0536C579-7E43-4B03-A8EC-90AEDA468EB9}"
EndProject
Global
	GlobalSection(SolutionConfigurationPlatforms) = preSolution
		Debug|Any CPU = Debug|Any CPU
		Debug|x64 = Debug|x64
		Debug|x86 = Debug|x86
		Release|Any CPU = Release|Any CPU
		Release|x64 = Release|x64
		Release|x86 = Release|x86
	EndGlobalSection
	GlobalSection(ProjectConfigurationPlatforms) = postSolution
		{62C2A3DC-2D0E-41B0-AA10-03197359B716}.Debug|Any CPU.ActiveCfg = Debug|Any CPU
		{62C2A3DC-2D0E-41B0-AA10-03197359B716}.Debug|Any CPU.Build.0 = Debug|Any CPU
		{62C2A3DC-2D0E-41B0-AA10-03197359B716}.Debug|x64.ActiveCfg = Debug|Any CPU
		{62C2A3DC-2D0E-41B0-AA10-03197359B716}.Debug|x64.Build.0 = Debug|Any CPU
		{62C2A3DC-2D0E-41B0-AA10-03197359B716}.Debug|x86.ActiveCfg = Debug|Any CPU
		{62C2A3DC-2D0E-41B0-AA10-03197359B716}.Debug|x86.Build.0 = Debug|Any CPU
		{62C2A3DC-2D0E-41B0-AA10-03197359B716}.Release|Any CPU.ActiveCfg = Release|Any CPU
		{62C2A3DC-2D0E-41B0-AA10-03197359B716}.Release|Any CPU.Build.0 = Release|Any CPU
		{62C2A3DC-2D0E-41B0-AA10-03197359B716}.Release|x64.ActiveCfg = Release|Any CPU
		{62C2A3DC-2D0E-41B0-AA10-03197359B716}.Release|x64.Build.0 = Release|Any CPU
		{62C2A3DC-2D0E-41B0-AA10-03197359B716}.Release|x86.ActiveCfg = Release|Any CPU
		{62C2A3DC-2D0E-41B0-AA10-03197359B716}.Release|x86.Build.0 = Release|Any CPU
		{47141F6F-DFCB-40AD-90E0-FF8D7B17DDF3}.Debug|Any CPU.ActiveCfg = Debug|Any CPU
		{47141F6F-DFCB-40AD-90E0-FF8D7B17DDF3}.Debug|Any CPU.Build.0 = Debug|Any CPU
		{47141F6F-DFCB-40AD-90E0-FF8D7B17DDF3}.Debug|x64.ActiveCfg = Debug|Any CPU
		{47141F6F-DFCB-40AD-90E0-FF8D7B17DDF3}.Debug|x64.Build.0 = Debug|Any CPU
		{47141F6F-DFCB-40AD-90E0-FF8D7B17DDF3}.Debug|x86.ActiveCfg = Debug|Any CPU
		{47141F6F-DFCB-40AD-90E0-FF8D7B17DDF3}.Debug|x86.Build.0 = Debug|Any CPU
		{47141F6F-DFCB-40AD-90E0-FF8D7B17DDF3}.Release|Any CPU.ActiveCfg = Release|Any CPU
		{47141F6F-DFCB-40AD-90E0-FF8D7B17DDF3}.Release|Any CPU.Build.0 = Release|Any CPU
		{47141F6F-DFCB-40AD-90E0-FF8D7B17DDF3}.Release|x64.ActiveCfg = Release|Any CPU
		{47141F6F-DFCB-40AD-90E0-FF8D7B17DDF3}.Release|x64.Build.0 = Release|Any CPU
		{47141F6F-DFCB-40AD-90E0-FF8D7B17DDF3}.Release|x86.ActiveCfg = Release|Any CPU
		{47141F6F-DFCB-40AD-90E0-FF8D7B17DDF3}.Release|x86.Build.0 = Release|Any CPU
		{F9C124CE-53CE-46A1-802D-263DE1565B2D}.Debug|Any CPU.ActiveCfg = Debug|Any CPU
		{F9C124CE-53CE-46A1-802D-263DE1565B2D}.Debug|Any CPU.Build.0 = Debug|Any CPU
		{F9C124CE-53CE-46A1-802D-263DE1565B2D}.Debug|x64.ActiveCfg = Debug|Any CPU
		{F9C124CE-53CE-46A1-802D-263DE1565B2D}.Debug|x64.Build.0 = Debug|Any CPU
		{F9C124CE-53CE-46A1-802D-263DE1565B2D}.Debug|x86.ActiveCfg = Debug|Any CPU
		{F9C124CE-53CE-46A1-802D-263DE1565B2D}.Debug|x86.Build.0 = Debug|Any CPU
		{F9C124CE-53CE-46A1-802D-263DE1565B2D}.Release|Any CPU.ActiveCfg = Release|Any CPU
		{F9C124CE-53CE-46A1-802D-263DE1565B2D}.Release|Any CPU.Build.0 = Release|Any CPU
		{F9C124CE-53CE-46A1-802D-263DE1565B2D}.Release|x64.ActiveCfg = Release|Any CPU
		{F9C124CE-53CE-46A1-802D-263DE1565B2D}.Release|x64.Build.0 = Release|Any CPU
		{F9C124CE-53CE-46A1-802D-263DE1565B2D}.Release|x86.ActiveCfg = Release|Any CPU
		{F9C124CE-53CE-46A1-802D-263DE1565B2D}.Release|x86.Build.0 = Release|Any CPU
		{08C50EBC-EF7C-4C24-977F-CE4BDDE22AF3}.Debug|Any CPU.ActiveCfg = Debug|Any CPU
		{08C50EBC-EF7C-4C24-977F-CE4BDDE22AF3}.Debug|Any CPU.Build.0 = Debug|Any CPU
		{08C50EBC-EF7C-4C24-977F-CE4BDDE22AF3}.Debug|x64.ActiveCfg = Debug|Any CPU
		{08C50EBC-EF7C-4C24-977F-CE4BDDE22AF3}.Debug|x64.Build.0 = Debug|Any CPU
		{08C50EBC-EF7C-4C24-977F-CE4BDDE22AF3}.Debug|x86.ActiveCfg = Debug|Any CPU
		{08C50EBC-EF7C-4C24-977F-CE4BDDE22AF3}.Debug|x86.Build.0 = Debug|Any CPU
		{08C50EBC-EF7C-4C24-977F-CE4BDDE22AF3}.Release|Any CPU.ActiveCfg = Release|Any CPU
		{08C50EBC-EF7C-4C24-977F-CE4BDDE22AF3}.Release|Any CPU.Build.0 = Release|Any CPU
		{08C50EBC-EF7C-4C24-977F-CE4BDDE22AF3}.Release|x64.ActiveCfg = Release|Any CPU
		{08C50EBC-EF7C-4C24-977F-CE4BDDE22AF3}.Release|x64.Build.0 = Release|Any CPU
		{08C50EBC-EF7C-4C24-977F-CE4BDDE22AF3}.Release|x86.ActiveCfg = Release|Any CPU
		{08C50EBC-EF7C-4C24-977F-CE4BDDE22AF3}.Release|x86.Build.0 = Release|Any CPU
		{0536C579-7E43-4B03-A8EC-90AEDA468EB9}.Debug|Any CPU.ActiveCfg = Debug|Any CPU
		{0536C579-7E43-4B03-A8EC-90AEDA468EB9}.Debug|Any CPU.Build.0 = Debug|Any CPU
		{0536C579-7E43-4B03-A8EC-90AEDA468EB9}.Debug|x64.ActiveCfg = Debug|Any CPU
		{0536C579-7E43-4B03-A8EC-90AEDA468EB9}.Debug|x64.Build.0 = Debug|Any CPU
		{0536C579-7E43-4B03-A8EC-90AEDA468EB9}.Debug|x86.ActiveCfg = Debug|Any CPU
		{0536C579-7E43-4B03-A8EC-90AEDA468EB9}.Debug|x86.Build.0 = Debug|Any CPU
		{0536C579-7E43-4B03-A8EC-90AEDA468EB9}.Release|Any CPU.ActiveCfg = Release|Any CPU
		{0536C579-7E43-4B03-A8EC-90AEDA468EB9}.Release|Any CPU.Build.0 = Release|Any CPU
		{0536C579-7E43-4B03-A8EC-90AEDA468EB9}.Release|x64.ActiveCfg = Release|Any CPU
		{0536C579-7E43-4B03-A8EC-90AEDA468EB9}.Release|x64.Build.0 = Release|Any CPU
		{0536C579-7E43-4B03-A8EC-90AEDA468EB9}.Release|x86.ActiveCfg = Release|Any CPU
		{0536C579-7E43-4B03-A8EC-90AEDA468EB9}.Release|x86.Build.0 = Release|Any CPU
	EndGlobalSection
	GlobalSection(SolutionProperties) = preSolution
		HideSolutionNode = FALSE
	EndGlobalSection
	GlobalSection(NestedProjects) = preSolution
		{62C2A3DC-2D0E-41B0-AA10-03197359B716} = {827E0CD3-B72D-47B6-A68D-7590B98EB39B}
		{47141F6F-DFCB-40AD-90E0-FF8D7B17DDF3} = {827E0CD3-B72D-47B6-A68D-7590B98EB39B}
		{F9C124CE-53CE-46A1-802D-263DE1565B2D} = {827E0CD3-B72D-47B6-A68D-7590B98EB39B}
		{08C50EBC-EF7C-4C24-977F-CE4BDDE22AF3} = {827E0CD3-B72D-47B6-A68D-7590B98EB39B}
		{CEA09484-30F6-4D44-02F6-822E06DBC57C} = {827E0CD3-B72D-47B6-A68D-7590B98EB39B}
		{0536C579-7E43-4B03-A8EC-90AEDA468EB9} = {CEA09484-30F6-4D44-02F6-822E06DBC57C}
	EndGlobalSection
EndGlobal
