
Microsoft Visual Studio Solution File, Format Version 12.00
# Visual Studio Version 17
VisualStudioVersion = 17.0.31903.59
MinimumVisualStudioVersion = 10.0.40219.1
Project("{2150E333-8FDC-42A3-9474-1A3956D46DE8}") = "src", "src", "{827E0CD3-B72D-47B6-A68D-7590B98EB39B}"
EndProject
Project("{FAE04EC0-301F-11D3-BF4B-00C04F79EFBC}") = "TraceMap.Cli", "TraceMap.Cli\TraceMap.Cli.csproj", "{62C2A3DC-2D0E-41B0-AA10-03197359B716}"
EndProject
Project("{FAE04EC0-301F-11D3-BF4B-00C04F79EFBC}") = "TraceMap.Core", "TraceMap.Core\TraceMap.Core.csproj", "{47141F6F-DFCB-40AD-90E0-FF8D7B17DDF3}"
EndProject
Project("{FAE04EC0-301F-11D3-BF4B-00C04F79EFBC}") = "TraceMap.Storage", "TraceMap.Storage\TraceMap.Storage.csproj", "{F9C124CE-53CE-46A1-802D-263DE1565B2D}"
EndProject
Project("{FAE04EC0-301F-11D3-BF4B-00C04F79EFBC}") = "TraceMap.Reporting", "TraceMap.Reporting\TraceMap.Reporting.csproj", "{08C50EBC-EF7C-4C24-977F-CE4BDDE22AF3}"
EndProject
Project("{2150E333-8FDC-42A3-9474-1A3956D46DE8}") = "tests", "tests", "{CEA09484-30F6-4D44-02F6-822E06DBC57C}"
EndProject
Project("{FAE04EC0-301F-11D3-BF4B-00C04F79EFBC}") = "TraceMap.Tests", "tests\TraceMap.Tests\TraceMap.Tests.csproj", "{0536C579-7E43-4B03-A8EC-90AEDA468EB9}"
EndProject
Project("{FAE04EC0-301F-11D3-BF4B-00C04F79EFBC}") = "TraceMap.Reduction", "TraceMap.Reduction\TraceMap.Reduction.csproj", "{C96681DB-F6ED-4265-AEDC-64FD8B177A38}"
EndProject
Project("{FAE04EC0-301F-11D3-BF4B-00C04F79EFBC}") = "TraceMap.EndpointAlignment", "TraceMap.EndpointAlignment\TraceMap.EndpointAlignment.csproj", "{262BBB49-D36F-4697-95F6-ED7EE2D19278}"
EndProject
Project("{FAE04EC0-301F-11D3-BF4B-00C04F79EFBC}") = "TraceMap.Combine", "TraceMap.Combine\TraceMap.Combine.csproj", "{6B35015F-F7BC-4926-8FB4-B85F5B3B1EAF}"
EndProject
Project("{FAE04EC0-301F-11D3-BF4B-00C04F79EFBC}") = "TraceMap.Access", "TraceMap.Access\TraceMap.Access.csproj", "{CB631E7D-986A-4380-A2EA-12EBF45E8901}"
EndProject
Project("{FAE04EC0-301F-11D3-BF4B-00C04F79EFBC}") = "TraceMap.Access.Cli", "TraceMap.Access.Cli\TraceMap.Access.Cli.csproj", "{D8235D0E-D789-4384-B8B0-243D72DAA952}"
EndProject
Global
	GlobalSection(SolutionConfigurationPlatforms) = preSolution
		Debug|Any CPU = Debug|Any CPU
		Debug|x64 = Debug|x64
		Debug|x86 = Debug|x86
		Release|Any CPU = Release|Any CPU
		Release|x64 = Release|x64
		Release|x86 = Release|x86
	EndGlobalSection
	GlobalSection(ProjectConfigurationPlatforms) = postSolution
		{62C2A3DC-2D0E-41B0-AA10-03197359B716}.Debug|Any CPU.ActiveCfg = Debug|Any CPU
		{62C2A3DC-2D0E-41B0-AA10-03197359B716}.Debug|Any CPU.Build.0 = Debug|Any CPU
		{62C2A3DC-2D0E-41B0-AA10-03197359B716}.Debug|x64.ActiveCfg = Debug|Any CPU
		{62C2A3DC-2D0E-41B0-AA10-03197359B716}.Debug|x64.Build.0 = Debug|Any CPU
		{62C2A3DC-2D0E-41B0-AA10-03197359B716}.Debug|x86.ActiveCfg = Debug|Any CPU
		{62C2A3DC-2D0E-41B0-AA10-03197359B716}.Debug|x86.Build.0 = Debug|Any CPU
		{62C2A3DC-2D0E-41B0-AA10-03197359B716}.Release|Any CPU.ActiveCfg = Release|Any CPU
		{62C2A3DC-2D0E-41B0-AA10-03197359B716}.Release|Any CPU.Build.0 = Release|Any CPU
		{62C2A3DC-2D0E-41B0-AA10-03197359B716}.Release|x64.ActiveCfg = Release|Any CPU
		{62C2A3DC-2D0E-41B0-AA10-03197359B716}.Release|x64.Build.0 = Release|Any CPU
		{62C2A3DC-2D0E-41B0-AA10-03197359B716}.Release|x86.ActiveCfg = Release|Any CPU
		{62C2A3DC-2D0E-41B0-AA10-03197359B716}.Release|x86.Build.0 = Release|Any CPU
		{47141F6F-DFCB-40AD-90E0-FF8D7B17DDF3}.Debug|Any CPU.ActiveCfg = Debug|Any CPU
		{47141F6F-DFCB-40AD-90E0-FF8D7B17DDF3}.Debug|Any CPU.Build.0 = Debug|Any CPU
		{47141F6F-DFCB-40AD-90E0-FF8D7B17DDF3}.Debug|x64.ActiveCfg = Debug|Any CPU
		{47141F6F-DFCB-40AD-90E0-FF8D7B17DDF3}.Debug|x64.Build.0 = Debug|Any CPU
		{47141F6F-DFCB-40AD-90E0-FF8D7B17DDF3}.Debug|x86.ActiveCfg = Debug|Any CPU
		{47141F6F-DFCB-40AD-90E0-FF8D7B17DDF3}.Debug|x86.Build.0 = Debug|Any CPU
		{47141F6F-DFCB-40AD-90E0-FF8D7B17DDF3}.Release|Any CPU.ActiveCfg = Release|Any CPU
		{47141F6F-DFCB-40AD-90E0-FF8D7B17DDF3}.Release|Any CPU.Build.0 = Release|Any CPU
		{47141F6F-DFCB-40AD-90E0-FF8D7B17DDF3}.Release|x64.ActiveCfg = Release|Any CPU
		{47141F6F-DFCB-40AD-90E0-FF8D7B17DDF3}.Release|x64.Build.0 = Release|Any CPU
		{47141F6F-DFCB-40AD-90E0-FF8D7B17DDF3}.Release|x86.ActiveCfg = Release|Any CPU
		{47141F6F-DFCB-40AD-90E0-FF8D7B17DDF3}.Release|x86.Build.0 = Release|Any CPU
		{F9C124CE-53CE-46A1-802D-263DE1565B2D}.Debug|Any CPU.ActiveCfg = Debug|Any CPU
		{F9C124CE-53CE-46A1-802D-263DE1565B2D}.Debug|Any CPU.Build.0 = Debug|Any CPU
		{F9C124CE-53CE-46A1-802D-263DE1565B2D}.Debug|x64.ActiveCfg = Debug|Any CPU
		{F9C124CE-53CE-46A1-802D-263DE1565B2D}.Debug|x64.Build.0 = Debug|Any CPU
		{F9C124CE-53CE-46A1-802D-263DE1565B2D}.Debug|x86.ActiveCfg = Debug|Any CPU
		{F9C124CE-53CE-46A1-802D-263DE1565B2D}.Debug|x86.Build.0 = Debug|Any CPU
		{F9C124CE-53CE-46A1-802D-263DE1565B2D}.Release|Any CPU.ActiveCfg = Release|Any CPU
		{F9C124CE-53CE-46A1-802D-263DE1565B2D}.Release|Any CPU.Build.0 = Release|Any CPU
		{F9C124CE-53CE-46A1-802D-263DE1565B2D}.Release|x64.ActiveCfg = Release|Any CPU
		{F9C124CE-53CE-46A1-802D-263DE1565B2D}.Release|x64.Build.0 = Release|Any CPU
		{F9C124CE-53CE-46A1-802D-263DE1565B2D}.Release|x86.ActiveCfg = Release|Any CPU
		{F9C124CE-53CE-46A1-802D-263DE1565B2D}.Release|x86.Build.0 = Release|Any CPU
		{08C50EBC-EF7C-4C24-977F-CE4BDDE22AF3}.Debug|Any CPU.ActiveCfg = Debug|Any CPU
		{08C50EBC-EF7C-4C24-977F-CE4BDDE22AF3}.Debug|Any CPU.Build.0 = Debug|Any CPU
		{08C50EBC-EF7C-4C24-977F-CE4BDDE22AF3}.Debug|x64.ActiveCfg = Debug|Any CPU
		{08C50EBC-EF7C-4C24-977F-CE4BDDE22AF3}.Debug|x64.Build.0 = Debug|Any CPU
		{08C50EBC-EF7C-4C24-977F-CE4BDDE22AF3}.Debug|x86.ActiveCfg = Debug|Any CPU
		{08C50EBC-EF7C-4C24-977F-CE4BDDE22AF3}.Debug|x86.Build.0 = Debug|Any CPU
		{08C50EBC-EF7C-4C24-977F-CE4BDDE22AF3}.Release|Any CPU.ActiveCfg = Release|Any CPU
		{08C50EBC-EF7C-4C24-977F-CE4BDDE22AF3}.Release|Any CPU.Build.0 = Release|Any CPU
		{08C50EBC-EF7C-4C24-977F-CE4BDDE22AF3}.Release|x64.ActiveCfg = Release|Any CPU
		{08C50EBC-EF7C-4C24-977F-CE4BDDE22AF3}.Release|x64.Build.0 = Release|Any CPU
		{08C50EBC-EF7C-4C24-977F-CE4BDDE22AF3}.Release|x86.ActiveCfg = Release|Any CPU
		{08C50EBC-EF7C-4C24-977F-CE4BDDE22AF3}.Release|x86.Build.0 = Release|Any CPU
		{0536C579-7E43-4B03-A8EC-90AEDA468EB9}.Debug|Any CPU.ActiveCfg = Debug|Any CPU
		{0536C579-7E43-4B03-A8EC-90AEDA468EB9}.Debug|Any CPU.Build.0 = Debug|Any CPU
		{0536C579-7E43-4B03-A8EC-90AEDA468EB9}.Debug|x64.ActiveCfg = Debug|Any CPU
		{0536C579-7E43-4B03-A8EC-90AEDA468EB9}.Debug|x64.Build.0 = Debug|Any CPU
		{0536C579-7E43-4B03-A8EC-90AEDA468EB9}.Debug|x86.ActiveCfg = Debug|Any CPU
		{0536C579-7E43-4B03-A8EC-90AEDA468EB9}.Debug|x86.Build.0 = Debug|Any CPU
		{0536C579-7E43-4B03-A8EC-90AEDA468EB9}.Release|Any CPU.ActiveCfg = Release|Any CPU
		{0536C579-7E43-4B03-A8EC-90AEDA468EB9}.Release|Any CPU.Build.0 = Release|Any CPU
		{0536C579-7E43-4B03-A8EC-90AEDA468EB9}.Release|x64.ActiveCfg = Release|Any CPU
		{0536C579-7E43-4B03-A8EC-90AEDA468EB9}.Release|x64.Build.0 = Release|Any CPU
		{0536C579-7E43-4B03-A8EC-90AEDA468EB9}.Release|x86.ActiveCfg = Release|Any CPU
		{0536C579-7E43-4B03-A8EC-90AEDA468EB9}.Release|x86.Build.0 = Release|Any CPU
		{C96681DB-F6ED-4265-AEDC-64FD8B177A38}.Debug|Any CPU.ActiveCfg = Debug|Any CPU
		{C96681DB-F6ED-4265-AEDC-64FD8B177A38}.Debug|Any CPU.Build.0 = Debug|Any CPU
		{C96681DB-F6ED-4265-AEDC-64FD8B177A38}.Debug|x64.ActiveCfg = Debug|Any CPU
		{C96681DB-F6ED-4265-AEDC-64FD8B177A38}.Debug|x64.Build.0 = Debug|Any CPU
		{C96681DB-F6ED-4265-AEDC-64FD8B177A38}.Debug|x86.ActiveCfg = Debug|Any CPU
		{C96681DB-F6ED-4265-AEDC-64FD8B177A38}.Debug|x86.Build.0 = Debug|Any CPU
		{C96681DB-F6ED-4265-AEDC-64FD8B177A38}.Release|Any CPU.ActiveCfg = Release|Any CPU
		{C96681DB-F6ED-4265-AEDC-64FD8B177A38}.Release|Any CPU.Build.0 = Release|Any CPU
		{C96681DB-F6ED-4265-AEDC-64FD8B177A38}.Release|x64.ActiveCfg = Release|Any CPU
		{C96681DB-F6ED-4265-AEDC-64FD8B177A38}.Release|x64.Build.0 = Release|Any CPU
		{C96681DB-F6ED-4265-AEDC-64FD8B177A38}.Release|x86.ActiveCfg = Release|Any CPU
		{C96681DB-F6ED-4265-AEDC-64FD8B177A38}.Release|x86.Build.0 = Release|Any CPU
		{262BBB49-D36F-4697-95F6-ED7EE2D19278}.Debug|Any CPU.ActiveCfg = Debug|Any CPU
		{262BBB49-D36F-4697-95F6-ED7EE2D19278}.Debug|Any CPU.Build.0 = Debug|Any CPU
		{262BBB49-D36F-4697-95F6-ED7EE2D19278}.Debug|x64.ActiveCfg = Debug|Any CPU
		{262BBB49-D36F-4697-95F6-ED7EE2D19278}.Debug|x64.Build.0 = Debug|Any CPU
		{262BBB49-D36F-4697-95F6-ED7EE2D19278}.Debug|x86.ActiveCfg = Debug|Any CPU
		{262BBB49-D36F-4697-95F6-ED7EE2D19278}.Debug|x86.Build.0 = Debug|Any CPU
		{262BBB49-D36F-4697-95F6-ED7EE2D19278}.Release|Any CPU.ActiveCfg = Release|Any CPU
		{262BBB49-D36F-4697-95F6-ED7EE2D19278}.Release|Any CPU.Build.0 = Release|Any CPU
		{262BBB49-D36F-4697-95F6-ED7EE2D19278}.Release|x64.ActiveCfg = Release|Any CPU
		{262BBB49-D36F-4697-95F6-ED7EE2D19278}.Release|x64.Build.0 = Release|Any CPU
		{262BBB49-D36F-4697-95F6-ED7EE2D19278}.Release|x86.ActiveCfg = Release|Any CPU
		{262BBB49-D36F-4697-95F6-ED7EE2D19278}.Release|x86.Build.0 = Release|Any CPU
		{6B35015F-F7BC-4926-8FB4-B85F5B3B1EAF}.Debug|Any CPU.ActiveCfg = Debug|Any CPU
		{6B35015F-F7BC-4926-8FB4-B85F5B3B1EAF}.Debug|Any CPU.Build.0 = Debug|Any CPU
		{6B35015F-F7BC-4926-8FB4-B85F5B3B1EAF}.Debug|x64.ActiveCfg = Debug|Any CPU
		{6B35015F-F7BC-4926-8FB4-B85F5B3B1EAF}.Debug|x64.Build.0 = Debug|Any CPU
		{6B35015F-F7BC-4926-8FB4-B85F5B3B1EAF}.Debug|x86.ActiveCfg = Debug|Any CPU
		{6B35015F-F7BC-4926-8FB4-B85F5B3B1EAF}.Debug|x86.Build.0 = Debug|Any CPU
		{6B35015F-F7BC-4926-8FB4-B85F5B3B1EAF}.Release|Any CPU.ActiveCfg = Release|Any CPU
		{6B35015F-F7BC-4926-8FB4-B85F5B3B1EAF}.Release|Any CPU.Build.0 = Release|Any CPU
		{6B35015F-F7BC-4926-8FB4-B85F5B3B1EAF}.Release|x64.ActiveCfg = Release|Any CPU
		{6B35015F-F7BC-4926-8FB4-B85F5B3B1EAF}.Release|x64.Build.0 = Release|Any CPU
		{6B35015F-F7BC-4926-8FB4-B85F5B3B1EAF}.Release|x86.ActiveCfg = Release|Any CPU
		{6B35015F-F7BC-4926-8FB4-B85F5B3B1EAF}.Release|x86.Build.0 = Release|Any CPU
		{CB631E7D-986A-4380-A2EA-12EBF45E8901}.Debug|Any CPU.ActiveCfg = Debug|Any CPU
		{CB631E7D-986A-4380-A2EA-12EBF45E8901}.Debug|Any CPU.Build.0 = Debug|Any CPU
		{CB631E7D-986A-4380-A2EA-12EBF45E8901}.Debug|x64.ActiveCfg = Debug|Any CPU
		{CB631E7D-986A-4380-A2EA-12EBF45E8901}.Debug|x64.Build.0 = Debug|Any CPU
		{CB631E7D-986A-4380-A2EA-12EBF45E8901}.Debug|x86.ActiveCfg = Debug|Any CPU
		{CB631E7D-986A-4380-A2EA-12EBF45E8901}.Debug|x86.Build.0 = Debug|Any CPU
		{CB631E7D-986A-4380-A2EA-12EBF45E8901}.Release|Any CPU.ActiveCfg = Release|Any CPU
		{CB631E7D-986A-4380-A2EA-12EBF45E8901}.Release|Any CPU.Build.0 = Release|Any CPU
		{CB631E7D-986A-4380-A2EA-12EBF45E8901}.Release|x64.ActiveCfg = Release|Any CPU
		{CB631E7D-986A-4380-A2EA-12EBF45E8901}.Release|x64.Build.0 = Release|Any CPU
		{CB631E7D-986A-4380-A2EA-12EBF45E8901}.Release|x86.ActiveCfg = Release|Any CPU
		{CB631E7D-986A-4380-A2EA-12EBF45E8901}.Release|x86.Build.0 = Release|Any CPU
		{D8235D0E-D789-4384-B8B0-243D72DAA952}.Debug|Any CPU.ActiveCfg = Debug|Any CPU
		{D8235D0E-D789-4384-B8B0-243D72DAA952}.Debug|Any CPU.Build.0 = Debug|Any CPU
		{D8235D0E-D789-4384-B8B0-243D72DAA952}.Debug|x64.ActiveCfg = Debug|Any CPU
		{D8235D0E-D789-4384-B8B0-243D72DAA952}.Debug|x64.Build.0 = Debug|Any CPU
		{D8235D0E-D789-4384-B8B0-243D72DAA952}.Debug|x86.ActiveCfg = Debug|Any CPU
		{D8235D0E-D789-4384-B8B0-243D72DAA952}.Debug|x86.Build.0 = Debug|Any CPU
		{D8235D0E-D789-4384-B8B0-243D72DAA952}.Release|Any CPU.ActiveCfg = Release|Any CPU
		{D8235D0E-D789-4384-B8B0-243D72DAA952}.Release|Any CPU.Build.0 = Release|Any CPU
		{D8235D0E-D789-4384-B8B0-243D72DAA952}.Release|x64.ActiveCfg = Release|Any CPU
		{D8235D0E-D789-4384-B8B0-243D72DAA952}.Release|x64.Build.0 = Release|Any CPU
		{D8235D0E-D789-4384-B8B0-243D72DAA952}.Release|x86.ActiveCfg = Release|Any CPU
		{D8235D0E-D789-4384-B8B0-243D72DAA952}.Release|x86.Build.0 = Release|Any CPU
	EndGlobalSection
	GlobalSection(SolutionProperties) = preSolution
		HideSolutionNode = FALSE
	EndGlobalSection
	GlobalSection(NestedProjects) = preSolution
		{62C2A3DC-2D0E-41B0-AA10-03197359B716} = {827E0CD3-B72D-47B6-A68D-7590B98EB39B}
		{47141F6F-DFCB-40AD-90E0-FF8D7B17DDF3} = {827E0CD3-B72D-47B6-A68D-7590B98EB39B}
		{F9C124CE-53CE-46A1-802D-263DE1565B2D} = {827E0CD3-B72D-47B6-A68D-7590B98EB39B}
		{08C50EBC-EF7C-4C24-977F-CE4BDDE22AF3} = {827E0CD3-B72D-47B6-A68D-7590B98EB39B}
		{CEA09484-30F6-4D44-02F6-822E06DBC57C} = {827E0CD3-B72D-47B6-A68D-7590B98EB39B}
		{0536C579-7E43-4B03-A8EC-90AEDA468EB9} = {CEA09484-30F6-4D44-02F6-822E06DBC57C}
		{C96681DB-F6ED-4265-AEDC-64FD8B177A38} = {827E0CD3-B72D-47B6-A68D-7590B98EB39B}
		{CB631E7D-986A-4380-A2EA-12EBF45E8901} = {827E0CD3-B72D-47B6-A68D-7590B98EB39B}
		{D8235D0E-D789-4384-B8B0-243D72DAA952} = {827E0CD3-B72D-47B6-A68D-7590B98EB39B}
	EndGlobalSection
EndGlobal
