{
  "name": "tracemap-npm-lock-fixture",
  "version": "1.0.0",
  "lockfileVersion": 3,
  "packages": {
    "": {
      "name": "tracemap-npm-lock-fixture",
      "version": "1.0.0",
      "dependencies": {
        "fixture-direct": "^1.2.3"
      }
    },
    "node_modules/fixture-direct": {
      "version": "1.2.3",
      "resolved": "https://registry.npmjs.org/fixture-direct/-/fixture-direct-1.2.3.tgz",
      "integrity": "sha512-AAAAAAAAAAAAAAAAAAAAAAAAAAAAAAAAAAAAAAAAAAAAAAAAAAAAAAAAAAAAAAAAAAAAAAAAAAAAAAAAAAAAAA=="
    },
    "node_modules/fixture-direct/node_modules/fixture-transitive": {
      "version": "0.4.5",
      "resolved": "https://registry.npmjs.org/fixture-transitive/-/fixture-transitive-0.4.5.tgz"
    }
  }
}
